
Microsoft Visual Studio Solution File, Format Version 12.00
Project("{FAE04EC0-301F-11D3-BF4B-00C04F79EFBC}") = "rpgcombatkata", "rpgcombatkata\rpgcombatkata.csproj", "{F7E56254-20D5-4B01-8B7D-F1EF19EA9870}"
EndProject
Project("{FAE04EC0-301F-11D3-BF4B-00C04F79EFBC}") = "rpgcombatkatatests", "rpgcombatkatatests\rpgcombatkatatests.csproj", "{E72A935D-555D-47B4-B3B3-27B5238B4824}"
EndProject
Global
	GlobalSection(SolutionConfigurationPlatforms) = preSolution
		Debug|Any CPU = Debug|Any CPU
		Release|Any CPU = Release|Any CPU
	EndGlobalSection
	GlobalSection(ProjectConfigurationPlatforms) = postSolution
		{F7E56254-20D5-4B01-8B7D-F1EF19EA9870}.Debug|Any CPU.ActiveCfg = Debug|Any CPU
		{F7E56254-20D5-4B01-8B7D-F1EF19EA9870}.Debug|Any CPU.Build.0 = Debug|Any CPU
		{F7E56254-20D5-4B01-8B7D-F1EF19EA9870}.Release|Any CPU.ActiveCfg = Release|Any CPU
		{F7E56254-20D5-4B01-8B7D-F1EF19EA9870}.Release|Any CPU.Build.0 = Release|Any CPU
		{E72A935D-555D-47B4-B3B3-27B5238B4824}.Debug|Any CPU.ActiveCfg = Debug|Any CPU
		{E72A935D-555D-47B4-B3B3-27B5238B4824}.Debug|Any CPU.Build.0 = Debug|Any CPU
		{E72A935D-555D-47B4-B3B3-27B5238B4824}.Release|Any CPU.ActiveCfg = Release|Any CPU
		{E72A935D-555D-47B4-B3B3-27B5238B4824}.Release|Any CPU.Build.0 = Release|Any CPU
	EndGlobalSection
EndGlobal
